Microsoft Visual Studio Solution File, Format Version 12.00
# Visual Studio 2013
VisualStudioVersion = 12.0.30723.0
MinimumVisualStudioVersion = 10.0.40219.1
Project("{8BC9CEB8-8B4A-11D0-8D11-00A0C91BC942}") = "MySQLUDFBridge", "udf_example.vcxproj", "{5A481DF1-9C45-4152-BC05-9E9EFEDED7D4}"
	ProjectSection(ProjectDependencies) = postProject
		{AA94A4C4-52E0-488A-B53E-3FE923E32C8B} = {AA94A4C4-52E0-488A-B53E-3FE923E32C8B}
	EndProjectSection
EndProject
Project("{8BC9CEB8-8B4A-11D0-8D11-00A0C91BC942}") = "clr_host", "clr_host\clr_host.vcxproj", "{AA94A4C4-52E0-488A-B53E-3FE923E32C8B}"
	ProjectSection(ProjectDependencies) = postProject
		{A15DADAC-D3C8-4226-93CD-2DA7C85F51DC} = {A15DADAC-D3C8-4226-93CD-2DA7C85F51DC}
	EndProjectSection
EndProject
Project("{FAE04EC0-301F-11D3-BF4B-00C04F79EFBC}") = "MySQLHostManager20", "mysql_managed_interface\MySQLHostManager20.csproj", "{A15DADAC-D3C8-4226-93CD-2DA7C85F51DC}"
EndProject
Project("{FAE04EC0-301F-11D3-BF4B-00C04F79EFBC}") = "MySQLCustomClass", "mysqldotnet_custom\MySQLCustomClass.csproj", "{4CBE7806-245F-47C5-9397-944AAB45391E}"
EndProject
Project("{FAE04EC0-301F-11D3-BF4B-00C04F79EFBC}") = "MySQLHostManager40", "MySQLHostManager40\MySQLHostManager40.csproj", "{21427460-AE57-4258-8706-6C35B0774ED8}"
EndProject
Project("{FAE04EC0-301F-11D3-BF4B-00C04F79EFBC}") = "MySQLTestHarness", "MySQLTestHarness\MySQLTestHarness.csproj", "{5FA25495-E051-4950-BCCD-DD5A6751DCB1}"
EndProject
Project("{930C7802-8A8C-48F9-8165-68863BCCD9DD}") = "MySQLUDFInstaller x86", "MySQLUDFInstaller x86\MySQLUDFInstaller x86.wixproj", "{91D7AB3F-6B5C-45F9-ADC0-D2DE7F7E0FD9}"
	ProjectSection(ProjectDependencies) = postProject
		{4CBE7806-245F-47C5-9397-944AAB45391E} = {4CBE7806-245F-47C5-9397-944AAB45391E}
		{21427460-AE57-4258-8706-6C35B0774ED8} = {21427460-AE57-4258-8706-6C35B0774ED8}
		{5FA25495-E051-4950-BCCD-DD5A6751DCB1} = {5FA25495-E051-4950-BCCD-DD5A6751DCB1}
		{A15DADAC-D3C8-4226-93CD-2DA7C85F51DC} = {A15DADAC-D3C8-4226-93CD-2DA7C85F51DC}
		{AA94A4C4-52E0-488A-B53E-3FE923E32C8B} = {AA94A4C4-52E0-488A-B53E-3FE923E32C8B}
		{5A481DF1-9C45-4152-BC05-9E9EFEDED7D4} = {5A481DF1-9C45-4152-BC05-9E9EFEDED7D4}
	EndProjectSection
EndProject
Project("{930C7802-8A8C-48F9-8165-68863BCCD9DD}") = "MySQLUDFInstaller x64", "MySQLUDFInstaller x64\MySQLUDFInstaller x64.wixproj", "{E8930026-0CB6-4BC6-BBC4-124DD08C0243}"
	ProjectSection(ProjectDependencies) = postProject
		{4CBE7806-245F-47C5-9397-944AAB45391E} = {4CBE7806-245F-47C5-9397-944AAB45391E}
		{21427460-AE57-4258-8706-6C35B0774ED8} = {21427460-AE57-4258-8706-6C35B0774ED8}
		{5FA25495-E051-4950-BCCD-DD5A6751DCB1} = {5FA25495-E051-4950-BCCD-DD5A6751DCB1}
		{A15DADAC-D3C8-4226-93CD-2DA7C85F51DC} = {A15DADAC-D3C8-4226-93CD-2DA7C85F51DC}
		{AA94A4C4-52E0-488A-B53E-3FE923E32C8B} = {AA94A4C4-52E0-488A-B53E-3FE923E32C8B}
		{5A481DF1-9C45-4152-BC05-9E9EFEDED7D4} = {5A481DF1-9C45-4152-BC05-9E9EFEDED7D4}
	EndProjectSection
EndProject
Global
	GlobalSection(SolutionConfigurationPlatforms) = preSolution
		Debug|Mixed Platforms = Debug|Mixed Platforms
		Debug|x64 = Debug|x64
		Debug|x86 = Debug|x86
		Release|Mixed Platforms = Release|Mixed Platforms
		Release|x64 = Release|x64
		Release|x86 = Release|x86
	EndGlobalSection
	GlobalSection(ProjectConfigurationPlatforms) = postSolution
		{5A481DF1-9C45-4152-BC05-9E9EFEDED7D4}.Debug|Mixed Platforms.ActiveCfg = Debug|Win32
		{5A481DF1-9C45-4152-BC05-9E9EFEDED7D4}.Debug|Mixed Platforms.Build.0 = Debug|Win32
		{5A481DF1-9C45-4152-BC05-9E9EFEDED7D4}.Debug|x64.ActiveCfg = Debug|x64
		{5A481DF1-9C45-4152-BC05-9E9EFEDED7D4}.Debug|x64.Build.0 = Debug|x64
		{5A481DF1-9C45-4152-BC05-9E9EFEDED7D4}.Debug|x86.ActiveCfg = Debug|Win32
		{5A481DF1-9C45-4152-BC05-9E9EFEDED7D4}.Debug|x86.Build.0 = Debug|Win32
		{5A481DF1-9C45-4152-BC05-9E9EFEDED7D4}.Release|Mixed Platforms.ActiveCfg = Release|Win32
		{5A481DF1-9C45-4152-BC05-9E9EFEDED7D4}.Release|Mixed Platforms.Build.0 = Release|Win32
		{5A481DF1-9C45-4152-BC05-9E9EFEDED7D4}.Release|x64.ActiveCfg = Release|x64
		{5A481DF1-9C45-4152-BC05-9E9EFEDED7D4}.Release|x64.Build.0 = Release|x64
		{5A481DF1-9C45-4152-BC05-9E9EFEDED7D4}.Release|x86.ActiveCfg = Release|Win32
		{5A481DF1-9C45-4152-BC05-9E9EFEDED7D4}.Release|x86.Build.0 = Release|Win32
		{AA94A4C4-52E0-488A-B53E-3FE923E32C8B}.Debug|Mixed Platforms.ActiveCfg = Debug|Win32
		{AA94A4C4-52E0-488A-B53E-3FE923E32C8B}.Debug|Mixed Platforms.Build.0 = Debug|Win32
		{AA94A4C4-52E0-488A-B53E-3FE923E32C8B}.Debug|x64.ActiveCfg = Debug|x64
		{AA94A4C4-52E0-488A-B53E-3FE923E32C8B}.Debug|x64.Build.0 = Debug|x64
		{AA94A4C4-52E0-488A-B53E-3FE923E32C8B}.Debug|x86.ActiveCfg = Debug|Win32
		{AA94A4C4-52E0-488A-B53E-3FE923E32C8B}.Debug|x86.Build.0 = Debug|Win32
		{AA94A4C4-52E0-488A-B53E-3FE923E32C8B}.Release|Mixed Platforms.ActiveCfg = Release|Win32
		{AA94A4C4-52E0-488A-B53E-3FE923E32C8B}.Release|Mixed Platforms.Build.0 = Release|Win32
		{AA94A4C4-52E0-488A-B53E-3FE923E32C8B}.Release|x64.ActiveCfg = Release|x64
		{AA94A4C4-52E0-488A-B53E-3FE923E32C8B}.Release|x64.Build.0 = Release|x64
		{AA94A4C4-52E0-488A-B53E-3FE923E32C8B}.Release|x86.ActiveCfg = Release|Win32
		{AA94A4C4-52E0-488A-B53E-3FE923E32C8B}.Release|x86.Build.0 = Release|Win32
		{A15DADAC-D3C8-4226-93CD-2DA7C85F51DC}.Debug|Mixed Platforms.ActiveCfg = Debug|x86
		{A15DADAC-D3C8-4226-93CD-2DA7C85F51DC}.Debug|Mixed Platforms.Build.0 = Debug|x86
		{A15DADAC-D3C8-4226-93CD-2DA7C85F51DC}.Debug|x64.ActiveCfg = Debug|Any CPU
		{A15DADAC-D3C8-4226-93CD-2DA7C85F51DC}.Debug|x64.Build.0 = Debug|Any CPU
		{A15DADAC-D3C8-4226-93CD-2DA7C85F51DC}.Debug|x86.ActiveCfg = Debug|Any CPU
		{A15DADAC-D3C8-4226-93CD-2DA7C85F51DC}.Debug|x86.Build.0 = Debug|Any CPU
		{A15DADAC-D3C8-4226-93CD-2DA7C85F51DC}.Release|Mixed Platforms.ActiveCfg = Release|x86
		{A15DADAC-D3C8-4226-93CD-2DA7C85F51DC}.Release|Mixed Platforms.Build.0 = Release|x86
		{A15DADAC-D3C8-4226-93CD-2DA7C85F51DC}.Release|x64.ActiveCfg = Release|Any CPU
		{A15DADAC-D3C8-4226-93CD-2DA7C85F51DC}.Release|x64.Build.0 = Release|Any CPU
		{A15DADAC-D3C8-4226-93CD-2DA7C85F51DC}.Release|x86.ActiveCfg = Release|x86
		{A15DADAC-D3C8-4226-93CD-2DA7C85F51DC}.Release|x86.Build.0 = Release|x86
		{4CBE7806-245F-47C5-9397-944AAB45391E}.Debug|Mixed Platforms.ActiveCfg = Debug|x86
		{4CBE7806-245F-47C5-9397-944AAB45391E}.Debug|Mixed Platforms.Build.0 = Debug|x86
		{4CBE7806-245F-47C5-9397-944AAB45391E}.Debug|x64.ActiveCfg = Debug|Any CPU
		{4CBE7806-245F-47C5-9397-944AAB45391E}.Debug|x64.Build.0 = Debug|Any CPU
		{4CBE7806-245F-47C5-9397-944AAB45391E}.Debug|x86.ActiveCfg = Debug|Any CPU
		{4CBE7806-245F-47C5-9397-944AAB45391E}.Debug|x86.Build.0 = Debug|Any CPU
		{4CBE7806-245F-47C5-9397-944AAB45391E}.Release|Mixed Platforms.ActiveCfg = Release|x86
		{4CBE7806-245F-47C5-9397-944AAB45391E}.Release|Mixed Platforms.Build.0 = Release|x86
		{4CBE7806-245F-47C5-9397-944AAB45391E}.Release|x64.ActiveCfg = Release|Any CPU
		{4CBE7806-245F-47C5-9397-944AAB45391E}.Release|x64.Build.0 = Release|Any CPU
		{4CBE7806-245F-47C5-9397-944AAB45391E}.Release|x86.ActiveCfg = Release|x86
		{4CBE7806-245F-47C5-9397-944AAB45391E}.Release|x86.Build.0 = Release|x86
		{21427460-AE57-4258-8706-6C35B0774ED8}.Debug|Mixed Platforms.ActiveCfg = Debug|x86
		{21427460-AE57-4258-8706-6C35B0774ED8}.Debug|Mixed Platforms.Build.0 = Debug|x86
		{21427460-AE57-4258-8706-6C35B0774ED8}.Debug|x64.ActiveCfg = Debug|Any CPU
		{21427460-AE57-4258-8706-6C35B0774ED8}.Debug|x64.Build.0 = Debug|Any CPU
		{21427460-AE57-4258-8706-6C35B0774ED8}.Debug|x86.ActiveCfg = Debug|Any CPU
		{21427460-AE57-4258-8706-6C35B0774ED8}.Debug|x86.Build.0 = Debug|Any CPU
		{21427460-AE57-4258-8706-6C35B0774ED8}.Release|Mixed Platforms.ActiveCfg = Release|x86
		{21427460-AE57-4258-8706-6C35B0774ED8}.Release|Mixed Platforms.Build.0 = Release|x86
		{21427460-AE57-4258-8706-6C35B0774ED8}.Release|x64.ActiveCfg = Release|Any CPU
		{21427460-AE57-4258-8706-6C35B0774ED8}.Release|x64.Build.0 = Release|Any CPU
		{21427460-AE57-4258-8706-6C35B0774ED8}.Release|x86.ActiveCfg = Release|x86
		{21427460-AE57-4258-8706-6C35B0774ED8}.Release|x86.Build.0 = Release|x86
		{5FA25495-E051-4950-BCCD-DD5A6751DCB1}.Debug|Mixed Platforms.ActiveCfg = Debug|x86
		{5FA25495-E051-4950-BCCD-DD5A6751DCB1}.Debug|Mixed Platforms.Build.0 = Debug|x86
		{5FA25495-E051-4950-BCCD-DD5A6751DCB1}.Debug|x64.ActiveCfg = Debug|Any CPU
		{5FA25495-E051-4950-BCCD-DD5A6751DCB1}.Debug|x64.Build.0 = Debug|Any CPU
		{5FA25495-E051-4950-BCCD-DD5A6751DCB1}.Debug|x86.ActiveCfg = Debug|Any CPU
		{5FA25495-E051-4950-BCCD-DD5A6751DCB1}.Debug|x86.Build.0 = Debug|Any CPU
		{5FA25495-E051-4950-BCCD-DD5A6751DCB1}.Release|Mixed Platforms.ActiveCfg = Release|x86
		{5FA25495-E051-4950-BCCD-DD5A6751DCB1}.Release|Mixed Platforms.Build.0 = Release|x86
		{5FA25495-E051-4950-BCCD-DD5A6751DCB1}.Release|x64.ActiveCfg = Release|Any CPU
		{5FA25495-E051-4950-BCCD-DD5A6751DCB1}.Release|x64.Build.0 = Release|Any CPU
		{5FA25495-E051-4950-BCCD-DD5A6751DCB1}.Release|x86.ActiveCfg = Release|x86
		{5FA25495-E051-4950-BCCD-DD5A6751DCB1}.Release|x86.Build.0 = Release|x86
		{91D7AB3F-6B5C-45F9-ADC0-D2DE7F7E0FD9}.Debug|Mixed Platforms.ActiveCfg = Debug|x86
		{91D7AB3F-6B5C-45F9-ADC0-D2DE7F7E0FD9}.Debug|Mixed Platforms.Build.0 = Debug|x86
		{91D7AB3F-6B5C-45F9-ADC0-D2DE7F7E0FD9}.Debug|x64.ActiveCfg = Debug|x86
		{91D7AB3F-6B5C-45F9-ADC0-D2DE7F7E0FD9}.Debug|x86.ActiveCfg = Debug|x86
		{91D7AB3F-6B5C-45F9-ADC0-D2DE7F7E0FD9}.Debug|x86.Build.0 = Debug|x86
		{91D7AB3F-6B5C-45F9-ADC0-D2DE7F7E0FD9}.Release|Mixed Platforms.ActiveCfg = Release|x86
		{91D7AB3F-6B5C-45F9-ADC0-D2DE7F7E0FD9}.Release|Mixed Platforms.Build.0 = Release|x86
		{91D7AB3F-6B5C-45F9-ADC0-D2DE7F7E0FD9}.Release|x64.ActiveCfg = Release|x86
		{91D7AB3F-6B5C-45F9-ADC0-D2DE7F7E0FD9}.Release|x86.ActiveCfg = Release|x86
		{91D7AB3F-6B5C-45F9-ADC0-D2DE7F7E0FD9}.Release|x86.Build.0 = Release|x86
		{E8930026-0CB6-4BC6-BBC4-124DD08C0243}.Debug|Mixed Platforms.ActiveCfg = Debug|x86
		{E8930026-0CB6-4BC6-BBC4-124DD08C0243}.Debug|Mixed Platforms.Build.0 = Debug|x86
		{E8930026-0CB6-4BC6-BBC4-124DD08C0243}.Debug|x64.ActiveCfg = Debug|x64
		{E8930026-0CB6-4BC6-BBC4-124DD08C0243}.Debug|x64.Build.0 = Debug|x64
		{E8930026-0CB6-4BC6-BBC4-124DD08C0243}.Debug|x86.ActiveCfg = Debug|x86
		{E8930026-0CB6-4BC6-BBC4-124DD08C0243}.Debug|x86.Build.0 = Debug|x86
		{E8930026-0CB6-4BC6-BBC4-124DD08C0243}.Release|Mixed Platforms.ActiveCfg = Release|x86
		{E8930026-0CB6-4BC6-BBC4-124DD08C0243}.Release|Mixed Platforms.Build.0 = Release|x86
		{E8930026-0CB6-4BC6-BBC4-124DD08C0243}.Release|x64.ActiveCfg = Release|x86
		{E8930026-0CB6-4BC6-BBC4-124DD08C0243}.Release|x64.Build.0 = Release|x86
		{E8930026-0CB6-4BC6-BBC4-124DD08C0243}.Release|x86.ActiveCfg = Release|x86
		{E8930026-0CB6-4BC6-BBC4-124DD08C0243}.Release|x86.Build.0 = Release|x86
	EndGlobalSection
	GlobalSection(SolutionProperties) = preSolution
		HideSolutionNode = FALSE
	EndGlobalSection
EndGlobal
