Microsoft Visual Studio Solution File, Format Version 12.00
# Visual Studio 2013
Project("{8BC9CEB8-8B4A-11D0-8D11-00A0C91BC942}") = "ALL_BUILD", "ALL_BUILD.vcxproj", "{647BE1F2-BAF2-4CC9-8210-D239E33645C6}"
	ProjectSection(ProjectDependencies) = postProject
		{C431BF26-FCC1-41BD-9F87-BD5459C32774} = {C431BF26-FCC1-41BD-9F87-BD5459C32774}
		{F0639DBF-5E00-4DBD-8862-78CB1DCF441E} = {F0639DBF-5E00-4DBD-8862-78CB1DCF441E}
	EndProjectSection
EndProject
Project("{8BC9CEB8-8B4A-11D0-8D11-00A0C91BC942}") = "ZERO_CHECK", "ZERO_CHECK.vcxproj", "{C431BF26-FCC1-41BD-9F87-BD5459C32774}"
	ProjectSection(ProjectDependencies) = postProject
	EndProjectSection
EndProject
Project("{8BC9CEB8-8B4A-11D0-8D11-00A0C91BC942}") = "udf_example", "udf_example.vcxproj", "{F0639DBF-5E00-4DBD-8862-78CB1DCF441E}"
	ProjectSection(ProjectDependencies) = postProject
		{C431BF26-FCC1-41BD-9F87-BD5459C32774} = {C431BF26-FCC1-41BD-9F87-BD5459C32774}
	EndProjectSection
EndProject
Global
	GlobalSection(SolutionConfigurationPlatforms) = preSolution
		Debug|Win32 = Debug|Win32
		Release|Win32 = Release|Win32
		MinSizeRel|Win32 = MinSizeRel|Win32
		RelWithDebInfo|Win32 = RelWithDebInfo|Win32
	EndGlobalSection
	GlobalSection(ProjectConfigurationPlatforms) = postSolution
		{647BE1F2-BAF2-4CC9-8210-D239E33645C6}.Debug|Win32.ActiveCfg = Debug|Win32
		{647BE1F2-BAF2-4CC9-8210-D239E33645C6}.Release|Win32.ActiveCfg = Release|Win32
		{647BE1F2-BAF2-4CC9-8210-D239E33645C6}.MinSizeRel|Win32.ActiveCfg = MinSizeRel|Win32
		{647BE1F2-BAF2-4CC9-8210-D239E33645C6}.RelWithDebInfo|Win32.ActiveCfg = RelWithDebInfo|Win32
		{C431BF26-FCC1-41BD-9F87-BD5459C32774}.Debug|Win32.ActiveCfg = Debug|Win32
		{C431BF26-FCC1-41BD-9F87-BD5459C32774}.Debug|Win32.Build.0 = Debug|Win32
		{C431BF26-FCC1-41BD-9F87-BD5459C32774}.Release|Win32.ActiveCfg = Release|Win32
		{C431BF26-FCC1-41BD-9F87-BD5459C32774}.Release|Win32.Build.0 = Release|Win32
		{C431BF26-FCC1-41BD-9F87-BD5459C32774}.MinSizeRel|Win32.ActiveCfg = MinSizeRel|Win32
		{C431BF26-FCC1-41BD-9F87-BD5459C32774}.MinSizeRel|Win32.Build.0 = MinSizeRel|Win32
		{C431BF26-FCC1-41BD-9F87-BD5459C32774}.RelWithDebInfo|Win32.ActiveCfg = RelWithDebInfo|Win32
		{C431BF26-FCC1-41BD-9F87-BD5459C32774}.RelWithDebInfo|Win32.Build.0 = RelWithDebInfo|Win32
		{F0639DBF-5E00-4DBD-8862-78CB1DCF441E}.Debug|Win32.ActiveCfg = Debug|Win32
		{F0639DBF-5E00-4DBD-8862-78CB1DCF441E}.Debug|Win32.Build.0 = Debug|Win32
		{F0639DBF-5E00-4DBD-8862-78CB1DCF441E}.Release|Win32.ActiveCfg = Release|Win32
		{F0639DBF-5E00-4DBD-8862-78CB1DCF441E}.Release|Win32.Build.0 = Release|Win32
		{F0639DBF-5E00-4DBD-8862-78CB1DCF441E}.MinSizeRel|Win32.ActiveCfg = MinSizeRel|Win32
		{F0639DBF-5E00-4DBD-8862-78CB1DCF441E}.MinSizeRel|Win32.Build.0 = MinSizeRel|Win32
		{F0639DBF-5E00-4DBD-8862-78CB1DCF441E}.RelWithDebInfo|Win32.ActiveCfg = RelWithDebInfo|Win32
		{F0639DBF-5E00-4DBD-8862-78CB1DCF441E}.RelWithDebInfo|Win32.Build.0 = RelWithDebInfo|Win32
	EndGlobalSection
	GlobalSection(ExtensibilityGlobals) = postSolution
	EndGlobalSection
	GlobalSection(ExtensibilityAddIns) = postSolution
	EndGlobalSection
EndGlobal
